
Microsoft Visual Studio Solution File, Format Version 12.00
# Visual Studio Version 17
VisualStudioVersion = 17.14.36121.58 d17.14
MinimumVisualStudioVersion = 10.0.40219.1
Project("{FAE04EC0-301F-11D3-BF4B-00C04F79EFBC}") = "ConsoleAppAula1", "ConsoleAppAula1\ConsoleAppAula1.csproj", "{995097B6-ED97-4E43-A61E-1246C58B2ABB}"
EndProject
Global
	GlobalSection(SolutionConfigurationPlatforms) = preSolution
		Debug|Any CPU = Debug|Any CPU
		Release|Any CPU = Release|Any CPU
	EndGlobalSection
	GlobalSection(ProjectConfigurationPlatforms) = postSolution
		{995097B6-ED97-4E43-A61E-1246C58B2ABB}.Debug|Any CPU.ActiveCfg = Debug|Any CPU
		{995097B6-ED97-4E43-A61E-1246C58B2ABB}.Debug|Any CPU.Build.0 = Debug|Any CPU
		{995097B6-ED97-4E43-A61E-1246C58B2ABB}.Release|Any CPU.ActiveCfg = Release|Any CPU
		{995097B6-ED97-4E43-A61E-1246C58B2ABB}.Release|Any CPU.Build.0 = Release|Any CPU
	EndGlobalSection
	GlobalSection(SolutionProperties) = preSolution
		HideSolutionNode = FALSE
	EndGlobalSection
	GlobalSection(ExtensibilityGlobals) = postSolution
		SolutionGuid = {9676C95B-54F2-48BD-911E-CC0F7006F063}
	EndGlobalSection
EndGlobal
